
Microsoft Visual Studio Solution File, Format Version 12.00
# Visual Studio 14
VisualStudioVersion = 14.0.23107.0
MinimumVisualStudioVersion = 10.0.40219.1
Project("{8BC9CEB8-8B4A-11D0-8D11-00A0C91BC942}") = "Peon", "Test\Peon.vs15.vcxproj", "{35DE932B-92C5-4363-A377-2EEE64B55E02}"
EndProject
Project("{8BC9CEB8-8B4A-11D0-8D11-00A0C91BC942}") = "Robot", "Source\Robot.vs15.vcxproj", "{18FA4B6A-BB03-4F80-92C2-D6237372FE11}"
EndProject
Project("{8BC9CEB8-8B4A-11D0-8D11-00A0C91BC942}") = "Test", "Test\Test.vs15.vcxproj", "{CE14C8BC-C0FC-4779-8C4D-5544D62885D9}"
	ProjectSection(ProjectDependencies) = postProject
		{18FA4B6A-BB03-4F80-92C2-D6237372FE11} = {18FA4B6A-BB03-4F80-92C2-D6237372FE11}
	EndProjectSection
EndProject
Global
	GlobalSection(SolutionConfigurationPlatforms) = preSolution
		DLL|Win32 = DLL|Win32
		DLL|Win64 = DLL|Win64
		DLLd|Win32 = DLLd|Win32
		DLLd|Win64 = DLLd|Win64
		LIB|Win32 = LIB|Win32
		LIB|Win64 = LIB|Win64
		LIBd|Win32 = LIBd|Win32
		LIBd|Win64 = LIBd|Win64
	EndGlobalSection
	GlobalSection(ProjectConfigurationPlatforms) = postSolution
		{35DE932B-92C5-4363-A377-2EEE64B55E02}.DLL|Win32.ActiveCfg = LIB|Win32
		{35DE932B-92C5-4363-A377-2EEE64B55E02}.DLL|Win32.Build.0 = LIB|Win32
		{35DE932B-92C5-4363-A377-2EEE64B55E02}.DLL|Win64.ActiveCfg = LIB|x64
		{35DE932B-92C5-4363-A377-2EEE64B55E02}.DLL|Win64.Build.0 = LIB|x64
		{35DE932B-92C5-4363-A377-2EEE64B55E02}.DLLd|Win32.ActiveCfg = LIB|Win32
		{35DE932B-92C5-4363-A377-2EEE64B55E02}.DLLd|Win32.Build.0 = LIB|Win32
		{35DE932B-92C5-4363-A377-2EEE64B55E02}.DLLd|Win64.ActiveCfg = LIB|x64
		{35DE932B-92C5-4363-A377-2EEE64B55E02}.DLLd|Win64.Build.0 = LIB|x64
		{35DE932B-92C5-4363-A377-2EEE64B55E02}.LIB|Win32.ActiveCfg = LIB|Win32
		{35DE932B-92C5-4363-A377-2EEE64B55E02}.LIB|Win32.Build.0 = LIB|Win32
		{35DE932B-92C5-4363-A377-2EEE64B55E02}.LIB|Win64.ActiveCfg = LIB|x64
		{35DE932B-92C5-4363-A377-2EEE64B55E02}.LIB|Win64.Build.0 = LIB|x64
		{35DE932B-92C5-4363-A377-2EEE64B55E02}.LIBd|Win32.ActiveCfg = LIB|Win32
		{35DE932B-92C5-4363-A377-2EEE64B55E02}.LIBd|Win32.Build.0 = LIB|Win32
		{35DE932B-92C5-4363-A377-2EEE64B55E02}.LIBd|Win64.ActiveCfg = LIB|x64
		{35DE932B-92C5-4363-A377-2EEE64B55E02}.LIBd|Win64.Build.0 = LIB|x64
		{18FA4B6A-BB03-4F80-92C2-D6237372FE11}.DLL|Win32.ActiveCfg = DLL|Win32
		{18FA4B6A-BB03-4F80-92C2-D6237372FE11}.DLL|Win32.Build.0 = DLL|Win32
		{18FA4B6A-BB03-4F80-92C2-D6237372FE11}.DLL|Win64.ActiveCfg = DLL|x64
		{18FA4B6A-BB03-4F80-92C2-D6237372FE11}.DLL|Win64.Build.0 = DLL|x64
		{18FA4B6A-BB03-4F80-92C2-D6237372FE11}.DLLd|Win32.ActiveCfg = DLLd|Win32
		{18FA4B6A-BB03-4F80-92C2-D6237372FE11}.DLLd|Win32.Build.0 = DLLd|Win32
		{18FA4B6A-BB03-4F80-92C2-D6237372FE11}.DLLd|Win64.ActiveCfg = DLLd|x64
		{18FA4B6A-BB03-4F80-92C2-D6237372FE11}.DLLd|Win64.Build.0 = DLLd|x64
		{18FA4B6A-BB03-4F80-92C2-D6237372FE11}.LIB|Win32.ActiveCfg = LIB|Win32
		{18FA4B6A-BB03-4F80-92C2-D6237372FE11}.LIB|Win32.Build.0 = LIB|Win32
		{18FA4B6A-BB03-4F80-92C2-D6237372FE11}.LIB|Win64.ActiveCfg = LIB|x64
		{18FA4B6A-BB03-4F80-92C2-D6237372FE11}.LIB|Win64.Build.0 = LIB|x64
		{18FA4B6A-BB03-4F80-92C2-D6237372FE11}.LIBd|Win32.ActiveCfg = LIBd|Win32
		{18FA4B6A-BB03-4F80-92C2-D6237372FE11}.LIBd|Win32.Build.0 = LIBd|Win32
		{18FA4B6A-BB03-4F80-92C2-D6237372FE11}.LIBd|Win64.ActiveCfg = LIBd|x64
		{18FA4B6A-BB03-4F80-92C2-D6237372FE11}.LIBd|Win64.Build.0 = LIBd|x64
		{CE14C8BC-C0FC-4779-8C4D-5544D62885D9}.DLL|Win32.ActiveCfg = DLL|Win32
		{CE14C8BC-C0FC-4779-8C4D-5544D62885D9}.DLL|Win32.Build.0 = DLL|Win32
		{CE14C8BC-C0FC-4779-8C4D-5544D62885D9}.DLL|Win64.ActiveCfg = DLL|x64
		{CE14C8BC-C0FC-4779-8C4D-5544D62885D9}.DLL|Win64.Build.0 = DLL|x64
		{CE14C8BC-C0FC-4779-8C4D-5544D62885D9}.DLLd|Win32.ActiveCfg = DLLd|Win32
		{CE14C8BC-C0FC-4779-8C4D-5544D62885D9}.DLLd|Win32.Build.0 = DLLd|Win32
		{CE14C8BC-C0FC-4779-8C4D-5544D62885D9}.DLLd|Win64.ActiveCfg = DLLd|x64
		{CE14C8BC-C0FC-4779-8C4D-5544D62885D9}.DLLd|Win64.Build.0 = DLLd|x64
		{CE14C8BC-C0FC-4779-8C4D-5544D62885D9}.LIB|Win32.ActiveCfg = LIB|Win32
		{CE14C8BC-C0FC-4779-8C4D-5544D62885D9}.LIB|Win32.Build.0 = LIB|Win32
		{CE14C8BC-C0FC-4779-8C4D-5544D62885D9}.LIB|Win64.ActiveCfg = LIB|x64
		{CE14C8BC-C0FC-4779-8C4D-5544D62885D9}.LIB|Win64.Build.0 = LIB|x64
		{CE14C8BC-C0FC-4779-8C4D-5544D62885D9}.LIBd|Win32.ActiveCfg = LIBd|Win32
		{CE14C8BC-C0FC-4779-8C4D-5544D62885D9}.LIBd|Win32.Build.0 = LIBd|Win32
		{CE14C8BC-C0FC-4779-8C4D-5544D62885D9}.LIBd|Win64.ActiveCfg = LIBd|x64
		{CE14C8BC-C0FC-4779-8C4D-5544D62885D9}.LIBd|Win64.Build.0 = LIBd|x64
	EndGlobalSection
	GlobalSection(SolutionProperties) = preSolution
		HideSolutionNode = FALSE
	EndGlobalSection
EndGlobal
